// !$*UTF8*$!
{
	archiveVersion = 1;
	classes = {
	};
	objectVersion = 46;
	objects = {

/* Begin PBXBuildFile section */
		490277B21815C59C005B779B /* WCBShakingPlayingManager.m in Sources */ = {isa = PBXBuildFile; fileRef = 490277B11815C59C005B779B /* WCBShakingPlayingManager.m */; };
		490277B31815C59C005B779B /* WCBShakingPlayingManager.m in Sources */ = {isa = PBXBuildFile; fileRef = 490277B11815C59C005B779B /* WCBShakingPlayingManager.m */; };
		49507BFC1821C70100CE8979 /* libFlurry_4.3.0.a in Frameworks */ = {isa = PBXBuildFile; fileRef = 49507BFB1821C70100CE8979 /* libFlurry_4.3.0.a */; };
		49507BFE1821C71B00CE8979 /* SystemConfiguration.framework in Frameworks */ = {isa = PBXBuildFile; fileRef = 49507BFD1821C71B00CE8979 /* SystemConfiguration.framework */; };
		49507C001821C72600CE8979 /* Security.framework in Frameworks */ = {isa = PBXBuildFile; fileRef = 49507BFF1821C72600CE8979 /* Security.framework */; };
		495761B9180E075A005F5330 /* Foundation.framework in Frameworks */ = {isa = PBXBuildFile; fileRef = 495761B8180E075A005F5330 /* Foundation.framework */; };
		495761BB180E075A005F5330 /* CoreGraphics.framework in Frameworks */ = {isa = PBXBuildFile; fileRef = 495761BA180E075A005F5330 /* CoreGraphics.framework */; };
		495761BD180E075A005F5330 /* UIKit.framework in Frameworks */ = {isa = PBXBuildFile; fileRef = 495761BC180E075A005F5330 /* UIKit.framework */; };
		495761C3180E075A005F5330 /* InfoPlist.strings in Resources */ = {isa = PBXBuildFile; fileRef = 495761C1180E075A005F5330 /* InfoPlist.strings */; };
		495761C5180E075A005F5330 /* main.m in Sources */ = {isa = PBXBuildFile; fileRef = 495761C4180E075A005F5330 /* main.m */; };
		495761C9180E075A005F5330 /* WCBAppDelegate.m in Sources */ = {isa = PBXBuildFile; fileRef = 495761C8180E075A005F5330 /* WCBAppDelegate.m */; };
		495761CC180E075A005F5330 /* WCBRootViewController.m in Sources */ = {isa = PBXBuildFile; fileRef = 495761CB180E075A005F5330 /* WCBRootViewController.m */; };
		495761CF180E075A005F5330 /* WCBDataViewController.m in Sources */ = {isa = PBXBuildFile; fileRef = 495761CE180E075A005F5330 /* WCBDataViewController.m */; };
		495761D2180E075A005F5330 /* WCBModelController.m in Sources */ = {isa = PBXBuildFile; fileRef = 495761D1180E075A005F5330 /* WCBModelController.m */; };
		495761D5180E075A005F5330 /* Main.storyboard in Resources */ = {isa = PBXBuildFile; fileRef = 495761D3180E075A005F5330 /* Main.storyboard */; };
		495761D7180E075A005F5330 /* Images.xcassets in Resources */ = {isa = PBXBuildFile; fileRef = 495761D6180E075A005F5330 /* Images.xcassets */; };
		495761DE180E075B005F5330 /* XCTest.framework in Frameworks */ = {isa = PBXBuildFile; fileRef = 495761DD180E075B005F5330 /* XCTest.framework */; };
		495761DF180E075B005F5330 /* Foundation.framework in Frameworks */ = {isa = PBXBuildFile; fileRef = 495761B8180E075A005F5330 /* Foundation.framework */; };
		495761E0180E075B005F5330 /* UIKit.framework in Frameworks */ = {isa = PBXBuildFile; fileRef = 495761BC180E075A005F5330 /* UIKit.framework */; };
		495761E8180E075B005F5330 /* InfoPlist.strings in Resources */ = {isa = PBXBuildFile; fileRef = 495761E6180E075B005F5330 /* InfoPlist.strings */; };
		495761EA180E075B005F5330 /* WilliamsCowBellTests.m in Sources */ = {isa = PBXBuildFile; fileRef = 495761E9180E075B005F5330 /* WilliamsCowBellTests.m */; };
		495761F6180EECED005F5330 /* GoofyCowbell.mp3 in Resources */ = {isa = PBXBuildFile; fileRef = 495761F3180EECED005F5330 /* GoofyCowbell.mp3 */; };
		495761F7180EECED005F5330 /* SoftCowbell.mp3 in Resources */ = {isa = PBXBuildFile; fileRef = 495761F4180EECED005F5330 /* SoftCowbell.mp3 */; };
		495761F8180EECED005F5330 /* TinnyCowbell.mp3 in Resources */ = {isa = PBXBuildFile; fileRef = 495761F5180EECED005F5330 /* TinnyCowbell.mp3 */; };
		495761FD180EEF83005F5330 /* WCBCowbellPageData.m in Sources */ = {isa = PBXBuildFile; fileRef = 495761FC180EEF83005F5330 /* WCBCowbellPageData.m */; };
		49576201180EF099005F5330 /* goofy_cow.png in Resources */ = {isa = PBXBuildFile; fileRef = 495761FF180EF099005F5330 /* goofy_cow.png */; };
		49576202180EF099005F5330 /* purple_cow.png in Resources */ = {isa = PBXBuildFile; fileRef = 49576200180EF099005F5330 /* purple_cow.png */; };
		49576204180F23C2005F5330 /* TinnyShort.mp3 in Resources */ = {isa = PBXBuildFile; fileRef = 49576203180F23C2005F5330 /* TinnyShort.mp3 */; };
		49576207180F26C8005F5330 /* GoofyShort.mp3 in Resources */ = {isa = PBXBuildFile; fileRef = 49576205180F26C8005F5330 /* GoofyShort.mp3 */; };
		49576208180F26C8005F5330 /* SoftShort.mp3 in Resources */ = {isa = PBXBuildFile; fileRef = 49576206180F26C8005F5330 /* SoftShort.mp3 */; };
		49B7426718136D69004F07DA /* face_icon@2x.png in Resources */ = {isa = PBXBuildFile; fileRef = 49B7426418136D69004F07DA /* face_icon@2x.png */; };
		49B7426818136D69004F07DA /* icon_purple@2x.png in Resources */ = {isa = PBXBuildFile; fileRef = 49B7426518136D69004F07DA /* icon_purple@2x.png */; };
		49B7426918136D69004F07DA /* icon_yellow@2x.png in Resources */ = {isa = PBXBuildFile; fileRef = 49B7426618136D69004F07DA /* icon_yellow@2x.png */; };
		49EAEF3A181364BE00B709EB /* app_icon.png in Resources */ = {isa = PBXBuildFile; fileRef = 49EAEF34181364BE00B709EB /* app_icon.png */; };
		49EAEF3B181364BE00B709EB /* app_icon@2x.png in Resources */ = {isa = PBXBuildFile; fileRef = 49EAEF35181364BE00B709EB /* app_icon@2x.png */; };
		49EAEF3C181364BE00B709EB /* cow_face.png in Resources */ = {isa = PBXBuildFile; fileRef = 49EAEF36181364BE00B709EB /* cow_face.png */; };
		49EAEF3D181364BE00B709EB /* hero_cow.png in Resources */ = {isa = PBXBuildFile; fileRef = 49EAEF37181364BE00B709EB /* hero_cow.png */; };
		49EAEF3E181364BE00B709EB /* NormalCowbell.mp3 in Resources */ = {isa = PBXBuildFile; fileRef = 49EAEF38181364BE00B709EB /* NormalCowbell.mp3 */; };
		49EAEF3F181364BE00B709EB /* NormalShort.mp3 in Resources */ = {isa = PBXBuildFile; fileRef = 49EAEF39181364BE00B709EB /* NormalShort.mp3 */; };
/* End PBXBuildFile section */

/* Begin PBXContainerItemProxy section */
		495761E1180E075B005F5330 /* PBXContainerItemProxy */ = {
			isa = PBXContainerItemProxy;
			containerPortal = 495761AD180E075A005F5330 /* Project object */;
			proxyType = 1;
			remoteGlobalIDString = 495761B4180E075A005F5330;
			remoteInfo = WilliamsCowBell;
		};
/* End PBXContainerItemProxy section */

/* Begin PBXFileReference section */
		490277B01815C59C005B779B /* WCBShakingPlayingManager.h */ = {isa = PBXFileReference; fileEncoding = 4; lastKnownFileType = sourcecode.c.h; path = WCBShakingPlayingManager.h; sourceTree = "<group>"; };
		490277B11815C59C005B779B /* WCBShakingPlayingManager.m */ = {isa = PBXFileReference; fileEncoding = 4; lastKnownFileType = sourcecode.c.objc; path = WCBShakingPlayingManager.m; sourceTree = "<group>"; };
		49507BFA1821C70100CE8979 /* Flurry.h */ = {isa = PBXFileReference; fileEncoding = 4; lastKnownFileType = sourcecode.c.h; path = Flurry.h; sourceTree = "<group>"; };
		49507BFB1821C70100CE8979 /* libFlurry_4.3.0.a */ = {isa = PBXFileReference; lastKnownFileType = archive.ar; path = libFlurry_4.3.0.a; sourceTree = "<group>"; };
		49507BFD1821C71B00CE8979 /* SystemConfiguration.framework */ = {isa = PBXFileReference; lastKnownFileType = wrapper.framework; name = SystemConfiguration.framework; path = System/Library/Frameworks/SystemConfiguration.framework; sourceTree = SDKROOT; };
		49507BFF1821C72600CE8979 /* Security.framework */ = {isa = PBXFileReference; lastKnownFileType = wrapper.framework; name = Security.framework; path = System/Library/Frameworks/Security.framework; sourceTree = SDKROOT; };
		495761B5180E075A005F5330 /* WilliamsCowBell.app */ = {isa = PBXFileReference; explicitFileType = wrapper.application; includeInIndex = 0; path = WilliamsCowBell.app; sourceTree = BUILT_PRODUCTS_DIR; };
		495761B8180E075A005F5330 /* Foundation.framework */ = {isa = PBXFileReference; lastKnownFileType = wrapper.framework; name = Foundation.framework; path = System/Library/Frameworks/Foundation.framework; sourceTree = SDKROOT; };
		495761BA180E075A005F5330 /* CoreGraphics.framework */ = {isa = PBXFileReference; lastKnownFileType = wrapper.framework; name = CoreGraphics.framework; path = System/Library/Frameworks/CoreGraphics.framework; sourceTree = SDKROOT; };
		495761BC180E075A005F5330 /* UIKit.framework */ = {isa = PBXFileReference; lastKnownFileType = wrapper.framework; name = UIKit.framework; path = System/Library/Frameworks/UIKit.framework; sourceTree = SDKROOT; };
		495761C0180E075A005F5330 /* WilliamsCowBell-Info.plist */ = {isa = PBXFileReference; lastKnownFileType = text.plist.xml; path = "WilliamsCowBell-Info.plist"; sourceTree = "<group>"; };
		495761C2180E075A005F5330 /* en */ = {isa = PBXFileReference; lastKnownFileType = text.plist.strings; name = en; path = en.lproj/InfoPlist.strings; sourceTree = "<group>"; };
		495761C4180E075A005F5330 /* main.m */ = {isa = PBXFileReference; lastKnownFileType = sourcecode.c.objc; path = main.m; sourceTree = "<group>"; };
		495761C6180E075A005F5330 /* WilliamsCowBell-Prefix.pch */ = {isa = PBXFileReference; lastKnownFileType = sourcecode.c.h; path = "WilliamsCowBell-Prefix.pch"; sourceTree = "<group>"; };
		495761C7180E075A005F5330 /* WCBAppDelegate.h */ = {isa = PBXFileReference; lastKnownFileType = sourcecode.c.h; path = WCBAppDelegate.h; sourceTree = "<group>"; };
		495761C8180E075A005F5330 /* WCBAppDelegate.m */ = {isa = PBXFileReference; lastKnownFileType = sourcecode.c.objc; path = WCBAppDelegate.m; sourceTree = "<group>"; };
		495761CA180E075A005F5330 /* WCBRootViewController.h */ = {isa = PBXFileReference; lastKnownFileType = sourcecode.c.h; path = WCBRootViewController.h; sourceTree = "<group>"; };
		495761CB180E075A005F5330 /* WCBRootViewController.m */ = {isa = PBXFileReference; lastKnownFileType = sourcecode.c.objc; path = WCBRootViewController.m; sourceTree = "<group>"; };
		495761CD180E075A005F5330 /* WCBDataViewController.h */ = {isa = PBXFileReference; lastKnownFileType = sourcecode.c.h; path = WCBDataViewController.h; sourceTree = "<group>"; };
		495761CE180E075A005F5330 /* WCBDataViewController.m */ = {isa = PBXFileReference; lastKnownFileType = sourcecode.c.objc; path = WCBDataViewController.m; sourceTree = "<group>"; };
		495761D0180E075A005F5330 /* WCBModelController.h */ = {isa = PBXFileReference; lastKnownFileType = sourcecode.c.h; path = WCBModelController.h; sourceTree = "<group>"; };
		495761D1180E075A005F5330 /* WCBModelController.m */ = {isa = PBXFileReference; lastKnownFileType = sourcecode.c.objc; path = WCBModelController.m; sourceTree = "<group>"; };
		495761D4180E075A005F5330 /* Base */ = {isa = PBXFileReference; lastKnownFileType = file.storyboard; name = Base; path = Base.lproj/Main.storyboard; sourceTree = "<group>"; };
		495761D6180E075A005F5330 /* Images.xcassets */ = {isa = PBXFileReference; lastKnownFileType = folder.assetcatalog; path = Images.xcassets; sourceTree = "<group>"; };
		495761DC180E075B005F5330 /* WilliamsCowBellTests.xctest */ = {isa = PBXFileReference; explicitFileType = wrapper.cfbundle; includeInIndex = 0; path = WilliamsCowBellTests.xctest; sourceTree = BUILT_PRODUCTS_DIR; };
		495761DD180E075B005F5330 /* XCTest.framework */ = {isa = PBXFileReference; lastKnownFileType = wrapper.framework; name = XCTest.framework; path = Library/Frameworks/XCTest.framework; sourceTree = DEVELOPER_DIR; };
		495761E5180E075B005F5330 /* WilliamsCowBellTests-Info.plist */ = {isa = PBXFileReference; lastKnownFileType = text.plist.xml; path = "WilliamsCowBellTests-Info.plist"; sourceTree = "<group>"; };
		495761E7180E075B005F5330 /* en */ = {isa = PBXFileReference; lastKnownFileType = text.plist.strings; name = en; path = en.lproj/InfoPlist.strings; sourceTree = "<group>"; };
		495761E9180E075B005F5330 /* WilliamsCowBellTests.m */ = {isa = PBXFileReference; lastKnownFileType = sourcecode.c.objc; path = WilliamsCowBellTests.m; sourceTree = "<group>"; };
		495761F3180EECED005F5330 /* GoofyCowbell.mp3 */ = {isa = PBXFileReference; lastKnownFileType = audio.mp3; name = GoofyCowbell.mp3; path = Resources/GoofyCowbell.mp3; sourceTree = "<group>"; };
		495761F4180EECED005F5330 /* SoftCowbell.mp3 */ = {isa = PBXFileReference; lastKnownFileType = audio.mp3; name = SoftCowbell.mp3; path = Resources/SoftCowbell.mp3; sourceTree = "<group>"; };
		495761F5180EECED005F5330 /* TinnyCowbell.mp3 */ = {isa = PBXFileReference; lastKnownFileType = audio.mp3; name = TinnyCowbell.mp3; path = Resources/TinnyCowbell.mp3; sourceTree = "<group>"; };
		495761FB180EEF83005F5330 /* WCBCowbellPageData.h */ = {isa = PBXFileReference; fileEncoding = 4; lastKnownFileType = sourcecode.c.h; path = WCBCowbellPageData.h; sourceTree = "<group>"; };
		495761FC180EEF83005F5330 /* WCBCowbellPageData.m */ = {isa = PBXFileReference; fileEncoding = 4; lastKnownFileType = sourcecode.c.objc; path = WCBCowbellPageData.m; sourceTree = "<group>"; };
		495761FF180EF099005F5330 /* goofy_cow.png */ = {isa = PBXFileReference; lastKnownFileType = image.png; name = goofy_cow.png; path = Resources/goofy_cow.png; sourceTree = "<group>"; };
		49576200180EF099005F5330 /* purple_cow.png */ = {isa = PBXFileReference; lastKnownFileType = image.png; name = purple_cow.png; path = Resources/purple_cow.png; sourceTree = "<group>"; };
		49576203180F23C2005F5330 /* TinnyShort.mp3 */ = {isa = PBXFileReference; lastKnownFileType = audio.mp3; name = TinnyShort.mp3; path = Resources/TinnyShort.mp3; sourceTree = "<group>"; };
		49576205180F26C8005F5330 /* GoofyShort.mp3 */ = {isa = PBXFileReference; lastKnownFileType = audio.mp3; name = GoofyShort.mp3; path = Resources/GoofyShort.mp3; sourceTree = "<group>"; };
		49576206180F26C8005F5330 /* SoftShort.mp3 */ = {isa = PBXFileReference; lastKnownFileType = audio.mp3; name = SoftShort.mp3; path = Resources/SoftShort.mp3; sourceTree = "<group>"; };
		49B7426418136D69004F07DA /* face_icon@2x.png */ = {isa = PBXFileReference; lastKnownFileType = image.png; name = "face_icon@2x.png"; path = "Resources/face_icon@2x.png"; sourceTree = "<group>"; };
		49B7426518136D69004F07DA /* icon_purple@2x.png */ = {isa = PBXFileReference; lastKnownFileType = image.png; name = "icon_purple@2x.png"; path = "Resources/icon_purple@2x.png"; sourceTree = "<group>"; };
		49B7426618136D69004F07DA /* icon_yellow@2x.png */ = {isa = PBXFileReference; lastKnownFileType = image.png; name = "icon_yellow@2x.png"; path = "Resources/icon_yellow@2x.png"; sourceTree = "<group>"; };
		49EAEF34181364BE00B709EB /* app_icon.png */ = {isa = PBXFileReference; lastKnownFileType = image.png; name = app_icon.png; path = Resources/app_icon.png; sourceTree = "<group>"; };
		49EAEF35181364BE00B709EB /* app_icon@2x.png */ = {isa = PBXFileReference; lastKnownFileType = image.png; name = "app_icon@2x.png"; path = "Resources/app_icon@2x.png"; sourceTree = "<group>"; };
		49EAEF36181364BE00B709EB /* cow_face.png */ = {isa = PBXFileReference; lastKnownFileType = image.png; name = cow_face.png; path = Resources/cow_face.png; sourceTree = "<group>"; };
		49EAEF37181364BE00B709EB /* hero_cow.png */ = {isa = PBXFileReference; lastKnownFileType = image.png; name = hero_cow.png; path = Resources/hero_cow.png; sourceTree = "<group>"; };
		49EAEF38181364BE00B709EB /* NormalCowbell.mp3 */ = {isa = PBXFileReference; lastKnownFileType = audio.mp3; name = NormalCowbell.mp3; path = Resources/NormalCowbell.mp3; sourceTree = "<group>"; };
		49EAEF39181364BE00B709EB /* NormalShort.mp3 */ = {isa = PBXFileReference; lastKnownFileType = audio.mp3; name = NormalShort.mp3; path = Resources/NormalShort.mp3; sourceTree = "<group>"; };
/* End PBXFileReference section */

/* Begin PBXFrameworksBuildPhase section */
		495761B2180E075A005F5330 /* Frameworks */ = {
			isa = PBXFrameworksBuildPhase;
			buildActionMask = 2147483647;
			files = (
				49507C001821C72600CE8979 /* Security.framework in Frameworks */,
				49507BFE1821C71B00CE8979 /* SystemConfiguration.framework in Frameworks */,
				495761BB180E075A005F5330 /* CoreGraphics.framework in Frameworks */,
				49507BFC1821C70100CE8979 /* libFlurry_4.3.0.a in Frameworks */,
				495761BD180E075A005F5330 /* UIKit.framework in Frameworks */,
				495761B9180E075A005F5330 /* Foundation.framework in Frameworks */,
			);
			runOnlyForDeploymentPostprocessing = 0;
		};
		495761D9180E075B005F5330 /* Frameworks */ = {
			isa = PBXFrameworksBuildPhase;
			buildActionMask = 2147483647;
			files = (
				495761DE180E075B005F5330 /* XCTest.framework in Frameworks */,
				495761E0180E075B005F5330 /* UIKit.framework in Frameworks */,
				495761DF180E075B005F5330 /* Foundation.framework in Frameworks */,
			);
			runOnlyForDeploymentPostprocessing = 0;
		};
/* End PBXFrameworksBuildPhase section */

/* Begin PBXGroup section */
		495761AC180E075A005F5330 = {
			isa = PBXGroup;
			children = (
				495761BE180E075A005F5330 /* WilliamsCowBell */,
				495761E3180E075B005F5330 /* WilliamsCowBellTests */,
				495761B7180E075A005F5330 /* Frameworks */,
				495761B6180E075A005F5330 /* Products */,
			);
			sourceTree = "<group>";
		};
		495761B6180E075A005F5330 /* Products */ = {
			isa = PBXGroup;
			children = (
				495761B5180E075A005F5330 /* WilliamsCowBell.app */,
				495761DC180E075B005F5330 /* WilliamsCowBellTests.xctest */,
			);
			name = Products;
			sourceTree = "<group>";
		};
		495761B7180E075A005F5330 /* Frameworks */ = {
			isa = PBXGroup;
			children = (
				49507BFF1821C72600CE8979 /* Security.framework */,
				49507BFD1821C71B00CE8979 /* SystemConfiguration.framework */,
				495761B8180E075A005F5330 /* Foundation.framework */,
				495761BA180E075A005F5330 /* CoreGraphics.framework */,
				495761BC180E075A005F5330 /* UIKit.framework */,
				495761DD180E075B005F5330 /* XCTest.framework */,
			);
			name = Frameworks;
			sourceTree = "<group>";
		};
		495761BE180E075A005F5330 /* WilliamsCowBell */ = {
			isa = PBXGroup;
			children = (
				49507BFA1821C70100CE8979 /* Flurry.h */,
				49507BFB1821C70100CE8979 /* libFlurry_4.3.0.a */,
				495761D6180E075A005F5330 /* Images.xcassets */,
				495761FE180EF021005F5330 /* Resources */,
				495761FA180EEF3E005F5330 /* Controllers */,
				495761F9180EEF25005F5330 /* Models */,
				495761C7180E075A005F5330 /* WCBAppDelegate.h */,
				495761C8180E075A005F5330 /* WCBAppDelegate.m */,
				495761D3180E075A005F5330 /* Main.storyboard */,
				495761BF180E075A005F5330 /* Supporting Files */,
			);
			path = WilliamsCowBell;
			sourceTree = "<group>";
		};
		495761BF180E075A005F5330 /* Supporting Files */ = {
			isa = PBXGroup;
			children = (
				495761C0180E075A005F5330 /* WilliamsCowBell-Info.plist */,
				495761C1180E075A005F5330 /* InfoPlist.strings */,
				495761C4180E075A005F5330 /* main.m */,
				495761C6180E075A005F5330 /* WilliamsCowBell-Prefix.pch */,
			);
			name = "Supporting Files";
			sourceTree = "<group>";
		};
		495761E3180E075B005F5330 /* WilliamsCowBellTests */ = {
			isa = PBXGroup;
			children = (
				495761E9180E075B005F5330 /* WilliamsCowBellTests.m */,
				495761E4180E075B005F5330 /* Supporting Files */,
			);
			path = WilliamsCowBellTests;
			sourceTree = "<group>";
		};
		495761E4180E075B005F5330 /* Supporting Files */ = {
			isa = PBXGroup;
			children = (
				495761E5180E075B005F5330 /* WilliamsCowBellTests-Info.plist */,
				495761E6180E075B005F5330 /* InfoPlist.strings */,
			);
			name = "Supporting Files";
			sourceTree = "<group>";
		};
		495761F9180EEF25005F5330 /* Models */ = {
			isa = PBXGroup;
			children = (
				495761FB180EEF83005F5330 /* WCBCowbellPageData.h */,
				495761FC180EEF83005F5330 /* WCBCowbellPageData.m */,
				490277B01815C59C005B779B /* WCBShakingPlayingManager.h */,
				490277B11815C59C005B779B /* WCBShakingPlayingManager.m */,
			);
			name = Models;
			sourceTree = "<group>";
		};
		495761FA180EEF3E005F5330 /* Controllers */ = {
			isa = PBXGroup;
			children = (
				495761CA180E075A005F5330 /* WCBRootViewController.h */,
				495761CB180E075A005F5330 /* WCBRootViewController.m */,
				495761CD180E075A005F5330 /* WCBDataViewController.h */,
				495761CE180E075A005F5330 /* WCBDataViewController.m */,
				495761D0180E075A005F5330 /* WCBModelController.h */,
				495761D1180E075A005F5330 /* WCBModelController.m */,
			);
			name = Controllers;
			sourceTree = "<group>";
		};
		495761FE180EF021005F5330 /* Resources */ = {
			isa = PBXGroup;
			children = (
				49B7426418136D69004F07DA /* face_icon@2x.png */,
				49B7426518136D69004F07DA /* icon_purple@2x.png */,
				49B7426618136D69004F07DA /* icon_yellow@2x.png */,
				49EAEF34181364BE00B709EB /* app_icon.png */,
				49EAEF35181364BE00B709EB /* app_icon@2x.png */,
				49EAEF36181364BE00B709EB /* cow_face.png */,
				49EAEF37181364BE00B709EB /* hero_cow.png */,
				49EAEF38181364BE00B709EB /* NormalCowbell.mp3 */,
				49EAEF39181364BE00B709EB /* NormalShort.mp3 */,
				49576205180F26C8005F5330 /* GoofyShort.mp3 */,
				49576206180F26C8005F5330 /* SoftShort.mp3 */,
				49576203180F23C2005F5330 /* TinnyShort.mp3 */,
				495761FF180EF099005F5330 /* goofy_cow.png */,
				49576200180EF099005F5330 /* purple_cow.png */,
				495761F3180EECED005F5330 /* GoofyCowbell.mp3 */,
				495761F4180EECED005F5330 /* SoftCowbell.mp3 */,
				495761F5180EECED005F5330 /* TinnyCowbell.mp3 */,
			);
			name = Resources;
			sourceTree = "<group>";
		};
/* End PBXGroup section */

/* Begin PBXNativeTarget section */
		495761B4180E075A005F5330 /* WilliamsCowBell */ = {
			isa = PBXNativeTarget;
			buildConfigurationList = 495761ED180E075B005F5330 /* Build configuration list for PBXNativeTarget "WilliamsCowBell" */;
			buildPhases = (
				495761B1180E075A005F5330 /* Sources */,
				495761B2180E075A005F5330 /* Frameworks */,
				495761B3180E075A005F5330 /* Resources */,
			);
			buildRules = (
			);
			dependencies = (
			);
			name = WilliamsCowBell;
			productName = WilliamsCowBell;
			productReference = 495761B5180E075A005F5330 /* WilliamsCowBell.app */;
			productType = "com.apple.product-type.application";
		};
		495761DB180E075B005F5330 /* WilliamsCowBellTests */ = {
			isa = PBXNativeTarget;
			buildConfigurationList = 495761F0180E075B005F5330 /* Build configuration list for PBXNativeTarget "WilliamsCowBellTests" */;
			buildPhases = (
				495761D8180E075B005F5330 /* Sources */,
				495761D9180E075B005F5330 /* Frameworks */,
				495761DA180E075B005F5330 /* Resources */,
			);
			buildRules = (
			);
			dependencies = (
				495761E2180E075B005F5330 /* PBXTargetDependency */,
			);
			name = WilliamsCowBellTests;
			productName = WilliamsCowBellTests;
			productReference = 495761DC180E075B005F5330 /* WilliamsCowBellTests.xctest */;
			productType = "com.apple.product-type.bundle.unit-test";
		};
/* End PBXNativeTarget section */

/* Begin PBXProject section */
		495761AD180E075A005F5330 /* Project object */ = {
			isa = PBXProject;
			attributes = {
				CLASSPREFIX = WCB;
				LastUpgradeCheck = 0500;
				ORGANIZATIONNAME = "Ellidi Jatgeirsson";
				TargetAttributes = {
					495761B4180E075A005F5330 = {
						DevelopmentTeam = PE7EQ66NRS;
					};
					495761DB180E075B005F5330 = {
						TestTargetID = 495761B4180E075A005F5330;
					};
				};
			};
			buildConfigurationList = 495761B0180E075A005F5330 /* Build configuration list for PBXProject "WilliamsCowBell" */;
			compatibilityVersion = "Xcode 3.2";
			developmentRegion = English;
			hasScannedForEncodings = 0;
			knownRegions = (
				en,
				Base,
			);
			mainGroup = 495761AC180E075A005F5330;
			productRefGroup = 495761B6180E075A005F5330 /* Products */;
			projectDirPath = "";
			projectRoot = "";
			targets = (
				495761B4180E075A005F5330 /* WilliamsCowBell */,
				495761DB180E075B005F5330 /* WilliamsCowBellTests */,
			);
		};
/* End PBXProject section */

/* Begin PBXResourcesBuildPhase section */
		495761B3180E075A005F5330 /* Resources */ = {
			isa = PBXResourcesBuildPhase;
			buildActionMask = 2147483647;
			files = (
				49EAEF3E181364BE00B709EB /* NormalCowbell.mp3 in Resources */,
				49EAEF3A181364BE00B709EB /* app_icon.png in Resources */,
				495761D7180E075A005F5330 /* Images.xcassets in Resources */,
				49B7426918136D69004F07DA /* icon_yellow@2x.png in Resources */,
				49576202180EF099005F5330 /* purple_cow.png in Resources */,
				49B7426718136D69004F07DA /* face_icon@2x.png in Resources */,
				495761C3180E075A005F5330 /* InfoPlist.strings in Resources */,
				49EAEF3C181364BE00B709EB /* cow_face.png in Resources */,
				495761F6180EECED005F5330 /* GoofyCowbell.mp3 in Resources */,
				49576201180EF099005F5330 /* goofy_cow.png in Resources */,
				49B7426818136D69004F07DA /* icon_purple@2x.png in Resources */,
				495761F7180EECED005F5330 /* SoftCowbell.mp3 in Resources */,
				49576207180F26C8005F5330 /* GoofyShort.mp3 in Resources */,
				49EAEF3F181364BE00B709EB /* NormalShort.mp3 in Resources */,
				49EAEF3D181364BE00B709EB /* hero_cow.png in Resources */,
				495761F8180EECED005F5330 /* TinnyCowbell.mp3 in Resources */,
				49576208180F26C8005F5330 /* SoftShort.mp3 in Resources */,
				495761D5180E075A005F5330 /* Main.storyboard in Resources */,
				49EAEF3B181364BE00B709EB /* app_icon@2x.png in Resources */,
				49576204180F23C2005F5330 /* TinnyShort.mp3 in Resources */,
			);
			runOnlyForDeploymentPostprocessing = 0;
		};
		495761DA180E075B005F5330 /* Resources */ = {
			isa = PBXResourcesBuildPhase;
			buildActionMask = 2147483647;
			files = (
				495761E8180E075B005F5330 /* InfoPlist.strings in Resources */,
			);
			runOnlyForDeploymentPostprocessing = 0;
		};
/* End PBXResourcesBuildPhase section */

/* Begin PBXSourcesBuildPhase section */
		495761B1180E075A005F5330 /* Sources */ = {
			isa = PBXSourcesBuildPhase;
			buildActionMask = 2147483647;
			files = (
				495761C5180E075A005F5330 /* main.m in Sources */,
				495761C9180E075A005F5330 /* WCBAppDelegate.m in Sources */,
				490277B21815C59C005B779B /* WCBShakingPlayingManager.m in Sources */,
				495761FD180EEF83005F5330 /* WCBCowbellPageData.m in Sources */,
				495761D2180E075A005F5330 /* WCBModelController.m in Sources */,
				495761CC180E075A005F5330 /* WCBRootViewController.m in Sources */,
				495761CF180E075A005F5330 /* WCBDataViewController.m in Sources */,
			);
			runOnlyForDeploymentPostprocessing = 0;
		};
		495761D8180E075B005F5330 /* Sources */ = {
			isa = PBXSourcesBuildPhase;
			buildActionMask = 2147483647;
			files = (
				495761EA180E075B005F5330 /* WilliamsCowBellTests.m in Sources */,
				490277B31815C59C005B779B /* WCBShakingPlayingManager.m in Sources */,
			);
			runOnlyForDeploymentPostprocessing = 0;
		};
/* End PBXSourcesBuildPhase section */

/* Begin PBXTargetDependency section */
		495761E2180E075B005F5330 /* PBXTargetDependency */ = {
			isa = PBXTargetDependency;
			target = 495761B4180E075A005F5330 /* WilliamsCowBell */;
			targetProxy = 495761E1180E075B005F5330 /* PBXContainerItemProxy */;
		};
/* End PBXTargetDependency section */

/* Begin PBXVariantGroup section */
		495761C1180E075A005F5330 /* InfoPlist.strings */ = {
			isa = PBXVariantGroup;
			children = (
				495761C2180E075A005F5330 /* en */,
			);
			name = InfoPlist.strings;
			sourceTree = "<group>";
		};
		495761D3180E075A005F5330 /* Main.storyboard */ = {
			isa = PBXVariantGroup;
			children = (
				495761D4180E075A005F5330 /* Base */,
			);
			name = Main.storyboard;
			sourceTree = "<group>";
		};
		495761E6180E075B005F5330 /* InfoPlist.strings */ = {
			isa = PBXVariantGroup;
			children = (
				495761E7180E075B005F5330 /* en */,
			);
			name = InfoPlist.strings;
			sourceTree = "<group>";
		};
/* End PBXVariantGroup section */

/* Begin XCBuildConfiguration section */
		495761EB180E075B005F5330 /* Debug */ = {
			isa = XCBuildConfiguration;
			buildSettings = {
				ALWAYS_SEARCH_USER_PATHS = NO;
				ARCHS = "$(ARCHS_STANDARD_INCLUDING_64_BIT)";
				CLANG_CXX_LANGUAGE_STANDARD = "gnu++0x";
				CLANG_CXX_LIBRARY = "libc++";
				CLANG_ENABLE_MODULES = YES;
				CLANG_ENABLE_OBJC_ARC = YES;
				CLANG_WARN_BOOL_CONVERSION = YES;
				CLANG_WARN_CONSTANT_CONVERSION = YES;
				CLANG_WARN_DIRECT_OBJC_ISA_USAGE = YES_ERROR;
				CLANG_WARN_EMPTY_BODY = YES;
				CLANG_WARN_ENUM_CONVERSION = YES;
				CLANG_WARN_INT_CONVERSION = YES;
				CLANG_WARN_OBJC_ROOT_CLASS = YES_ERROR;
				CLANG_WARN__DUPLICATE_METHOD_MATCH = YES;
				"CODE_SIGN_IDENTITY[sdk=iphoneos*]" = "iPhone Developer";
				COPY_PHASE_STRIP = NO;
				GCC_C_LANGUAGE_STANDARD = gnu99;
				GCC_DYNAMIC_NO_PIC = NO;
				GCC_OPTIMIZATION_LEVEL = 0;
				GCC_PREPROCESSOR_DEFINITIONS = (
					"DEBUG=1",
					"$(inherited)",
				);
				GCC_SYMBOLS_PRIVATE_EXTERN = NO;
				GCC_WARN_64_TO_32_BIT_CONVERSION = YES;
				GCC_WARN_ABOUT_RETURN_TYPE = YES_ERROR;
				GCC_WARN_UNDECLARED_SELECTOR = YES;
				GCC_WARN_UNINITIALIZED_AUTOS = YES;
				GCC_WARN_UNUSED_FUNCTION = YES;
				GCC_WARN_UNUSED_VARIABLE = YES;
				IPHONEOS_DEPLOYMENT_TARGET = 7.0;
				ONLY_ACTIVE_ARCH = YES;
				SDKROOT = iphoneos;
			};
			name = Debug;
		};
		495761EC180E075B005F5330 /* Release */ = {
			isa = XCBuildConfiguration;
			buildSettings = {
				ALWAYS_SEARCH_USER_PATHS = NO;
				ARCHS = "$(ARCHS_STANDARD_INCLUDING_64_BIT)";
				CLANG_CXX_LANGUAGE_STANDARD = "gnu++0x";
				CLANG_CXX_LIBRARY = "libc++";
				CLANG_ENABLE_MODULES = YES;
				CLANG_ENABLE_OBJC_ARC = YES;
				CLANG_WARN_BOOL_CONVERSION = YES;
				CLANG_WARN_CONSTANT_CONVERSION = YES;
				CLANG_WARN_DIRECT_OBJC_ISA_USAGE = YES_ERROR;
				CLANG_WARN_EMPTY_BODY = YES;
				CLANG_WARN_ENUM_CONVERSION = YES;
				CLANG_WARN_INT_CONVERSION = YES;
				CLANG_WARN_OBJC_ROOT_CLASS = YES_ERROR;
				CLANG_WARN__DUPLICATE_METHOD_MATCH = YES;
				"CODE_SIGN_IDENTITY[sdk=iphoneos*]" = "iPhone Developer";
				COPY_PHASE_STRIP = YES;
				ENABLE_NS_ASSERTIONS = NO;
				GCC_C_LANGUAGE_STANDARD = gnu99;
				GCC_WARN_64_TO_32_BIT_CONVERSION = YES;
				GCC_WARN_ABOUT_RETURN_TYPE = YES_ERROR;
				GCC_WARN_UNDECLARED_SELECTOR = YES;
				GCC_WARN_UNINITIALIZED_AUTOS = YES;
				GCC_WARN_UNUSED_FUNCTION = YES;
				GCC_WARN_UNUSED_VARIABLE = YES;
				IPHONEOS_DEPLOYMENT_TARGET = 7.0;
				SDKROOT = iphoneos;
				VALIDATE_PRODUCT = YES;
			};
			name = Release;
		};
		495761EE180E075B005F5330 /* Debug */ = {
			isa = XCBuildConfiguration;
			buildSettings = {
				ASSETCATALOG_COMPILER_APPICON_NAME = AppIcon;
				ASSETCATALOG_COMPILER_LAUNCHIMAGE_NAME = LaunchImage;
				CODE_SIGN_IDENTITY = "iPhone Developer";
				"CODE_SIGN_IDENTITY[sdk=iphoneos*]" = "iPhone Developer";
				GCC_PRECOMPILE_PREFIX_HEADER = YES;
				GCC_PREFIX_HEADER = "WilliamsCowBell/WilliamsCowBell-Prefix.pch";
				INFOPLIST_FILE = "WilliamsCowBell/WilliamsCowBell-Info.plist";
				IPHONEOS_DEPLOYMENT_TARGET = 6.1;
				LIBRARY_SEARCH_PATHS = (
					"$(inherited)",
					"/Users/ell/Documents/iOS\\ Projects/WilliamsCowBell/WilliamsCowBell",
				);
				PRODUCT_NAME = "$(TARGET_NAME)";
				PROVISIONING_PROFILE = "";
				TARGETED_DEVICE_FAMILY = 1;
				VALID_ARCHS = "armv7 armv7s";
				WRAPPER_EXTENSION = app;
			};
			name = Debug;
		};
		495761EF180E075B005F5330 /* Release */ = {
			isa = XCBuildConfiguration;
			buildSettings = {
				ASSETCATALOG_COMPILER_APPICON_NAME = AppIcon;
				ASSETCATALOG_COMPILER_LAUNCHIMAGE_NAME = LaunchImage;
				CODE_SIGN_IDENTITY = "iPhone Distribution: Todd Elliot Schrock (PE7EQ66NRS)";
				"CODE_SIGN_IDENTITY[sdk=iphoneos*]" = "iPhone Distribution: Todd Elliot Schrock (PE7EQ66NRS)";
				GCC_PRECOMPILE_PREFIX_HEADER = YES;
				GCC_PREFIX_HEADER = "WilliamsCowBell/WilliamsCowBell-Prefix.pch";
				INFOPLIST_FILE = "WilliamsCowBell/WilliamsCowBell-Info.plist";
				IPHONEOS_DEPLOYMENT_TARGET = 6.1;
				LIBRARY_SEARCH_PATHS = (
					"$(inherited)",
					"/Users/ell/Documents/iOS\\ Projects/WilliamsCowBell/WilliamsCowBell",
				);
				PRODUCT_NAME = "$(TARGET_NAME)";
				PROVISIONING_PROFILE = "";
				TARGETED_DEVICE_FAMILY = 1;
				VALID_ARCHS = "armv7 armv7s";
				WRAPPER_EXTENSION = app;
			};
			name = Release;
		};
		495761F1180E075B005F5330 /* Debug */ = {
			isa = XCBuildConfiguration;
			buildSettings = {
				ARCHS = "$(ARCHS_STANDARD_INCLUDING_64_BIT)";
				BUNDLE_LOADER = "$(BUILT_PRODUCTS_DIR)/WilliamsCowBell.app/WilliamsCowBell";
				FRAMEWORK_SEARCH_PATHS = (
					"$(SDKROOT)/Developer/Library/Frameworks",
					"$(inherited)",
					"$(DEVELOPER_FRAMEWORKS_DIR)",
				);
				GCC_PRECOMPILE_PREFIX_HEADER = YES;
				GCC_PREFIX_HEADER = "WilliamsCowBell/WilliamsCowBell-Prefix.pch";
				GCC_PREPROCESSOR_DEFINITIONS = (
					"DEBUG=1",
					"$(inherited)",
				);
				INFOPLIST_FILE = "WilliamsCowBellTests/WilliamsCowBellTests-Info.plist";
				PRODUCT_NAME = "$(TARGET_NAME)";
				TEST_HOST = "$(BUNDLE_LOADER)";
				WRAPPER_EXTENSION = xctest;
			};
			name = Debug;
		};
		495761F2180E075B005F5330 /* Release */ = {
			isa = XCBuildConfiguration;
			buildSettings = {
				ARCHS = "$(ARCHS_STANDARD_INCLUDING_64_BIT)";
				BUNDLE_LOADER = "$(BUILT_PRODUCTS_DIR)/WilliamsCowBell.app/WilliamsCowBell";
				FRAMEWORK_SEARCH_PATHS = (
					"$(SDKROOT)/Developer/Library/Frameworks",
					"$(inherited)",
					"$(DEVELOPER_FRAMEWORKS_DIR)",
				);
				GCC_PRECOMPILE_PREFIX_HEADER = YES;
				GCC_PREFIX_HEADER = "WilliamsCowBell/WilliamsCowBell-Prefix.pch";
				INFOPLIST_FILE = "WilliamsCowBellTests/WilliamsCowBellTests-Info.plist";
				PRODUCT_NAME = "$(TARGET_NAME)";
				TEST_HOST = "$(BUNDLE_LOADER)";
				WRAPPER_EXTENSION = xctest;
			};
			name = Release;
		};
/* End XCBuildConfiguration section */

/* Begin XCConfigurationList section */
		495761B0180E075A005F5330 /* Build configuration list for PBXProject "WilliamsCowBell" */ = {
			isa = XCConfigurationList;
			buildConfigurations = (
				495761EB180E075B005F5330 /* Debug */,
				495761EC180E075B005F5330 /* Release */,
			);
			defaultConfigurationIsVisible = 0;
			defaultConfigurationName = Release;
		};
		495761ED180E075B005F5330 /* Build configuration list for PBXNativeTarget "WilliamsCowBell" */ = {
			isa = XCConfigurationList;
			buildConfigurations = (
				495761EE180E075B005F5330 /* Debug */,
				495761EF180E075B005F5330 /* Release */,
			);
			defaultConfigurationIsVisible = 0;
			defaultConfigurationName = Release;
		};
		495761F0180E075B005F5330 /* Build configuration list for PBXNativeTarget "WilliamsCowBellTests" */ = {
			isa = XCConfigurationList;
			buildConfigurations = (
				495761F1180E075B005F5330 /* Debug */,
				495761F2180E075B005F5330 /* Release */,
			);
			defaultConfigurationIsVisible = 0;
			defaultConfigurationName = Release;
		};
/* End XCConfigurationList section */
	};
	rootObject = 495761AD180E075A005F5330 /* Project object */;
}
